
Microsoft Visual Studio Solution File, Format Version 12.00
# Visual Studio Version 17
VisualStudioVersion = 17.0.31903.59
MinimumVisualStudioVersion = 10.0.40219.1
Project("{FAE04EC0-301F-11D3-BF4B-00C04F79EFBC}") = "TodoList.Contracts", "TodoList.Contracts\TodoList.Contracts.csproj", "{2987C5E0-F320-488A-9447-85249BA081D3}"
EndProject
Project("{FAE04EC0-301F-11D3-BF4B-00C04F79EFBC}") = "TodoList", "TodoList\TodoList.csproj", "{07DC5134-7EC9-446E-8749-7D66E7BD5A6A}"
EndProject
Global
	GlobalSection(SolutionConfigurationPlatforms) = preSolution
		Debug|Any CPU = Debug|Any CPU
		Release|Any CPU = Release|Any CPU
	EndGlobalSection
	GlobalSection(SolutionProperties) = preSolution
		HideSolutionNode = FALSE
	EndGlobalSection
	GlobalSection(ProjectConfigurationPlatforms) = postSolution
		{2987C5E0-F320-488A-9447-85249BA081D3}.Debug|Any CPU.ActiveCfg = Debug|Any CPU
		{2987C5E0-F320-488A-9447-85249BA081D3}.Debug|Any CPU.Build.0 = Debug|Any CPU
		{2987C5E0-F320-488A-9447-85249BA081D3}.Release|Any CPU.ActiveCfg = Release|Any CPU
		{2987C5E0-F320-488A-9447-85249BA081D3}.Release|Any CPU.Build.0 = Release|Any CPU
		{07DC5134-7EC9-446E-8749-7D66E7BD5A6A}.Debug|Any CPU.ActiveCfg = Debug|Any CPU
		{07DC5134-7EC9-446E-8749-7D66E7BD5A6A}.Debug|Any CPU.Build.0 = Debug|Any CPU
		{07DC5134-7EC9-446E-8749-7D66E7BD5A6A}.Release|Any CPU.ActiveCfg = Release|Any CPU
		{07DC5134-7EC9-446E-8749-7D66E7BD5A6A}.Release|Any CPU.Build.0 = Release|Any CPU
	EndGlobalSection
EndGlobal
